Microsoft Visual Studio Solution File, Format Version 12.00
# Visual Studio 15
VisualStudioVersion = 15.0.26430.16
MinimumVisualStudioVersion = 10.0.40219.1
Project("{9A19103F-16F7-4668-BE54-9A1E7A4F7556}") = "CronExpressionDescriptor", "lib\CronExpressionDescriptor.csproj", "{C4C055E3-7808-480C-87E2-59EBE6CC0B38}"
EndProject
Project("{9A19103F-16F7-4668-BE54-9A1E7A4F7556}") = "Test", "test\Test.csproj", "{26F44203-47B3-4F63-B767-3296CD22FE82}"
EndProject
Project("{9A19103F-16F7-4668-BE54-9A1E7A4F7556}") = "Demo", "demo\Demo.csproj", "{9057FC56-A6D1-425B-B453-67F61A1A3890}"
EndProject
Global
	GlobalSection(SolutionConfigurationPlatforms) = preSolution
		Debug|Any CPU = Debug|Any CPU
		Debug|x64 = Debug|x64
		Debug|x86 = Debug|x86
		Release|Any CPU = Release|Any CPU
		Release|x64 = Release|x64
		Release|x86 = Release|x86
	EndGlobalSection
	GlobalSection(ProjectConfigurationPlatforms) = postSolution
		{C4C055E3-7808-480C-87E2-59EBE6CC0B38}.Debug|Any CPU.ActiveCfg = Debug|Any CPU
		{C4C055E3-7808-480C-87E2-59EBE6CC0B38}.Debug|Any CPU.Build.0 = Debug|Any CPU
		{C4C055E3-7808-480C-87E2-59EBE6CC0B38}.Debug|x64.ActiveCfg = Debug|Any CPU
		{C4C055E3-7808-480C-87E2-59EBE6CC0B38}.Debug|x64.Build.0 = Debug|Any CPU
		{C4C055E3-7808-480C-87E2-59EBE6CC0B38}.Debug|x86.ActiveCfg = Debug|Any CPU
		{C4C055E3-7808-480C-87E2-59EBE6CC0B38}.Debug|x86.Build.0 = Debug|Any CPU
		{C4C055E3-7808-480C-87E2-59EBE6CC0B38}.Release|Any CPU.ActiveCfg = Release|Any CPU
		{C4C055E3-7808-480C-87E2-59EBE6CC0B38}.Release|Any CPU.Build.0 = Release|Any CPU
		{C4C055E3-7808-480C-87E2-59EBE6CC0B38}.Release|x64.ActiveCfg = Release|Any CPU
		{C4C055E3-7808-480C-87E2-59EBE6CC0B38}.Release|x64.Build.0 = Release|Any CPU
		{C4C055E3-7808-480C-87E2-59EBE6CC0B38}.Release|x86.ActiveCfg = Release|Any CPU
		{C4C055E3-7808-480C-87E2-59EBE6CC0B38}.Release|x86.Build.0 = Release|Any CPU
		{26F44203-47B3-4F63-B767-3296CD22FE82}.Debug|Any CPU.ActiveCfg = Debug|Any CPU
		{26F44203-47B3-4F63-B767-3296CD22FE82}.Debug|Any CPU.Build.0 = Debug|Any CPU
		{26F44203-47B3-4F63-B767-3296CD22FE82}.Debug|x64.ActiveCfg = Debug|Any CPU
		{26F44203-47B3-4F63-B767-3296CD22FE82}.Debug|x64.Build.0 = Debug|Any CPU
		{26F44203-47B3-4F63-B767-3296CD22FE82}.Debug|x86.ActiveCfg = Debug|Any CPU
		{26F44203-47B3-4F63-B767-3296CD22FE82}.Debug|x86.Build.0 = Debug|Any CPU
		{26F44203-47B3-4F63-B767-3296CD22FE82}.Release|Any CPU.ActiveCfg = Release|Any CPU
		{26F44203-47B3-4F63-B767-3296CD22FE82}.Release|Any CPU.Build.0 = Release|Any CPU
		{26F44203-47B3-4F63-B767-3296CD22FE82}.Release|x64.ActiveCfg = Release|Any CPU
		{26F44203-47B3-4F63-B767-3296CD22FE82}.Release|x64.Build.0 = Release|Any CPU
		{26F44203-47B3-4F63-B767-3296CD22FE82}.Release|x86.ActiveCfg = Release|Any CPU
		{26F44203-47B3-4F63-B767-3296CD22FE82}.Release|x86.Build.0 = Release|Any CPU
		{9057FC56-A6D1-425B-B453-67F61A1A3890}.Debug|Any CPU.ActiveCfg = Debug|Any CPU
		{9057FC56-A6D1-425B-B453-67F61A1A3890}.Debug|Any CPU.Build.0 = Debug|Any CPU
		{9057FC56-A6D1-425B-B453-67F61A1A3890}.Debug|x64.ActiveCfg = Debug|Any CPU
		{9057FC56-A6D1-425B-B453-67F61A1A3890}.Debug|x64.Build.0 = Debug|Any CPU
		{9057FC56-A6D1-425B-B453-67F61A1A3890}.Debug|x86.ActiveCfg = Debug|Any CPU
		{9057FC56-A6D1-425B-B453-67F61A1A3890}.Debug|x86.Build.0 = Debug|Any CPU
		{9057FC56-A6D1-425B-B453-67F61A1A3890}.Release|Any CPU.ActiveCfg = Release|Any CPU
		{9057FC56-A6D1-425B-B453-67F61A1A3890}.Release|Any CPU.Build.0 = Release|Any CPU
		{9057FC56-A6D1-425B-B453-67F61A1A3890}.Release|x64.ActiveCfg = Release|Any CPU
		{9057FC56-A6D1-425B-B453-67F61A1A3890}.Release|x64.Build.0 = Release|Any CPU
		{9057FC56-A6D1-425B-B453-67F61A1A3890}.Release|x86.ActiveCfg = Release|Any CPU
		{9057FC56-A6D1-425B-B453-67F61A1A3890}.Release|x86.Build.0 = Release|Any CPU
	EndGlobalSection
	GlobalSection(SolutionProperties) = preSolution
		HideSolutionNode = FALSE
	EndGlobalSection
EndGlobal
